{
  "name": "elexis-appointments",
  "lockfileVersion": 3,
  "requires": true,
  "packages": {
    "": {
      "name": "elexis-appointments",
      "dependencies": {
        "@rgwch/mikrorest": "^0.8.1",
        "dotenv": "^17.2.3"
      },
      "devDependencies": {
        "@types/bun": "latest"
      },
      "peerDependencies": {
        "typescript": "^5"
      }
    },
    "node_modules/@rgwch/mikrorest": {
      "version": "0.8.1",
      "resolved": "https://registry.npmjs.org/@rgwch/mikrorest/-/mikrorest-0.8.1.tgz",
      "integrity": "sha512-9qJkHScz1vFpgN4YOT66bjCCw0UNeD+rKN8UhcS5S9ywD6B9LgwkvDDrODpHkzsKh8rIL+Ae/porF0tY7wGS2g==",
      "license": "MIT",
      "dependencies": {
        "jwt-simple": "^0.5.6"
      }
    },
    "node_modules/@types/bun": {
      "version": "1.3.5",
      "resolved": "https://registry.npmjs.org/@types/bun/-/bun-1.3.5.tgz",
      "integrity": "sha512-RnygCqNrd3srIPEWBd5LFeUYG7plCoH2Yw9WaZGyNmdTEei+gWaHqydbaIRkIkcbXwhBT94q78QljxN0Sk838w==",
      "dev": true,
      "license": "MIT",
      "dependencies": {
        "bun-types": "1.3.5"
      }
    },
    "node_modules/@types/node": {
      "version": "25.0.3",
      "dev": true,
      "license": "MIT",
      "dependencies": {
        "undici-types": "~7.16.0"
      }
    },
    "node_modules/bun-types": {
      "version": "1.3.5",
      "dev": true,
      "license": "MIT",
      "dependencies": {
        "@types/node": "*"
      }
    },
    "node_modules/dotenv": {
      "version": "17.2.3",
      "resolved": "https://registry.npmjs.org/dotenv/-/dotenv-17.2.3.tgz",
      "integrity": "sha512-JVUnt+DUIzu87TABbhPmNfVdBDt18BLOWjMUFJMSi/Qqg7NTYtabbvSNJGOJ7afbRuv9D/lngizHtP7QyLQ+9w==",
      "license": "BSD-2-Clause",
      "engines": {
        "node": ">=12"
      },
      "funding": {
        "url": "https://dotenvx.com"
      }
    },
    "node_modules/jwt-simple": {
      "version": "0.5.6",
      "resolved": "https://registry.npmjs.org/jwt-simple/-/jwt-simple-0.5.6.tgz",
      "integrity": "sha512-40aUybvhH9t2h71ncA1/1SbtTNCVZHgsTsTgqPUxGWDmUDrXyDf2wMNQKEbdBjbf4AI+fQhbECNTV6lWxQKUzg==",
      "license": "MIT",
      "engines": {
        "node": ">= 0.4.0"
      }
    },
    "node_modules/typescript": {
      "version": "5.9.3",
      "license": "Apache-2.0",
      "peer": true,
      "bin": {
        "tsc": "bin/tsc",
        "tsserver": "bin/tsserver"
      },
      "engines": {
        "node": ">=14.17"
      }
    },
    "node_modules/undici-types": {
      "version": "7.16.0",
      "dev": true,
      "license": "MIT"
    }
  }
}
